// !$*UTF8*$!
{
	archiveVersion = 1;
	classes = {
	};
	objectVersion = 46;
	objects = {

/* Begin PBXBuildFile section */
		7C27470719B775800041D3E7 /* RLArtistDropdownManager.m in Sources */ = {isa = PBXBuildFile; fileRef = 7C27470619B775800041D3E7 /* RLArtistDropdownManager.m */; };
		7C27470A19B77FFE0041D3E7 /* RLYearTableDataSource.m in Sources */ = {isa = PBXBuildFile; fileRef = 7C27470919B77FFE0041D3E7 /* RLYearTableDataSource.m */; };
		7C27470D19B78E2E0041D3E7 /* RLShowTableDataSource.m in Sources */ = {isa = PBXBuildFile; fileRef = 7C27470C19B78E2E0041D3E7 /* RLShowTableDataSource.m */; };
		7C27471019B795670041D3E7 /* IGDurationHelper.m in Sources */ = {isa = PBXBuildFile; fileRef = 7C27470F19B795670041D3E7 /* IGDurationHelper.m */; };
		7C27471319B7B18B0041D3E7 /* RLPlaybackManager.m in Sources */ = {isa = PBXBuildFile; fileRef = 7C27471219B7B18B0041D3E7 /* RLPlaybackManager.m */; };
		7C27471619B7BAE30041D3E7 /* AGMediaItem.m in Sources */ = {isa = PBXBuildFile; fileRef = 7C27471519B7BAE30041D3E7 /* AGMediaItem.m */; };
		7C27471B19B7C0D50041D3E7 /* IGMediaItem.m in Sources */ = {isa = PBXBuildFile; fileRef = 7C27471A19B7C0D50041D3E7 /* IGMediaItem.m */; };
		7C4C300019B6E09B00EEAE6A /* Cocoa.framework in Frameworks */ = {isa = PBXBuildFile; fileRef = 7C4C2FFF19B6E09B00EEAE6A /* Cocoa.framework */; };
		7C4C300A19B6E09B00EEAE6A /* InfoPlist.strings in Resources */ = {isa = PBXBuildFile; fileRef = 7C4C300819B6E09B00EEAE6A /* InfoPlist.strings */; };
		7C4C300C19B6E09B00EEAE6A /* main.m in Sources */ = {isa = PBXBuildFile; fileRef = 7C4C300B19B6E09B00EEAE6A /* main.m */; };
		7C4C301019B6E09B00EEAE6A /* Credits.rtf in Resources */ = {isa = PBXBuildFile; fileRef = 7C4C300E19B6E09B00EEAE6A /* Credits.rtf */; };
		7C4C301319B6E09B00EEAE6A /* RLAppDelegate.m in Sources */ = {isa = PBXBuildFile; fileRef = 7C4C301219B6E09B00EEAE6A /* RLAppDelegate.m */; };
		7C4C301619B6E09B00EEAE6A /* MainMenu.xib in Resources */ = {isa = PBXBuildFile; fileRef = 7C4C301419B6E09B00EEAE6A /* MainMenu.xib */; };
		7C4C301819B6E09B00EEAE6A /* Images.xcassets in Resources */ = {isa = PBXBuildFile; fileRef = 7C4C301719B6E09B00EEAE6A /* Images.xcassets */; };
		7C4C301F19B6E09B00EEAE6A /* XCTest.framework in Frameworks */ = {isa = PBXBuildFile; fileRef = 7C4C301E19B6E09B00EEAE6A /* XCTest.framework */; };
		7C4C302019B6E09B00EEAE6A /* Cocoa.framework in Frameworks */ = {isa = PBXBuildFile; fileRef = 7C4C2FFF19B6E09B00EEAE6A /* Cocoa.framework */; };
		7C4C302819B6E09B00EEAE6A /* InfoPlist.strings in Resources */ = {isa = PBXBuildFile; fileRef = 7C4C302619B6E09B00EEAE6A /* InfoPlist.strings */; };
		7C4C302A19B6E09B00EEAE6A /* RelistenTests.m in Sources */ = {isa = PBXBuildFile; fileRef = 7C4C302919B6E09B00EEAE6A /* RelistenTests.m */; };
		7C4C304319B74C5700EEAE6A /* IGShow.m in Sources */ = {isa = PBXBuildFile; fileRef = 7C4C303619B74C5700EEAE6A /* IGShow.m */; };
		7C4C304419B74C5700EEAE6A /* IGShowReview.m in Sources */ = {isa = PBXBuildFile; fileRef = 7C4C303819B74C5700EEAE6A /* IGShowReview.m */; };
		7C4C304519B74C5700EEAE6A /* IGTrack.m in Sources */ = {isa = PBXBuildFile; fileRef = 7C4C303A19B74C5700EEAE6A /* IGTrack.m */; };
		7C4C304619B74C5700EEAE6A /* IGVenue.m in Sources */ = {isa = PBXBuildFile; fileRef = 7C4C303C19B74C5700EEAE6A /* IGVenue.m */; };
		7C4C304719B74C5700EEAE6A /* IGYear.m in Sources */ = {isa = PBXBuildFile; fileRef = 7C4C303E19B74C5700EEAE6A /* IGYear.m */; };
		7C4C304819B74C5700EEAE6A /* IGAPIClient.m in Sources */ = {isa = PBXBuildFile; fileRef = 7C4C304019B74C5700EEAE6A /* IGAPIClient.m */; };
		7C4C304919B74C5700EEAE6A /* IGThirdPartyKeys.m in Sources */ = {isa = PBXBuildFile; fileRef = 7C4C304219B74C5700EEAE6A /* IGThirdPartyKeys.m */; };
		7C4C304C19B74E4800EEAE6A /* IGIguanaAppConfig.m in Sources */ = {isa = PBXBuildFile; fileRef = 7C4C304B19B74E4800EEAE6A /* IGIguanaAppConfig.m */; };
		7C4C304F19B7521500EEAE6A /* IGArtist.m in Sources */ = {isa = PBXBuildFile; fileRef = 7C4C304E19B7521500EEAE6A /* IGArtist.m */; };
		7C4C305319B76F6B00EEAE6A /* AFNetworkActivityIndicatorManager.m in Sources */ = {isa = PBXBuildFile; fileRef = 7C4C305219B76F6B00EEAE6A /* AFNetworkActivityIndicatorManager.m */; };
		7C4C305719B7723A00EEAE6A /* RLYearsTableDataSource.m in Sources */ = {isa = PBXBuildFile; fileRef = 7C4C305619B7723A00EEAE6A /* RLYearsTableDataSource.m */; };
		7CE67A4A19F040360035E56D /* RLSourceDropdownManager.m in Sources */ = {isa = PBXBuildFile; fileRef = 7CE67A4919F040360035E56D /* RLSourceDropdownManager.m */; };
		B9B39FA1CA5B432D85C5A354 /* libPods-Relisten.a in Frameworks */ = {isa = PBXBuildFile; fileRef = ED27F22FA20F49DCBBCA8ACE /* libPods-Relisten.a */; };
/* End PBXBuildFile section */

/* Begin PBXContainerItemProxy section */
		7C4C302119B6E09B00EEAE6A /* PBXContainerItemProxy */ = {
			isa = PBXContainerItemProxy;
			containerPortal = 7C4C2FF419B6E09B00EEAE6A /* Project object */;
			proxyType = 1;
			remoteGlobalIDString = 7C4C2FFB19B6E09B00EEAE6A;
			remoteInfo = Relisten;
		};
/* End PBXContainerItemProxy section */

/* Begin PBXFileReference section */
		7C27470519B775800041D3E7 /* RLArtistDropdownManager.h */ = {isa = PBXFileReference; fileEncoding = 4; lastKnownFileType = sourcecode.c.h; path = RLArtistDropdownManager.h; sourceTree = "<group>"; };
		7C27470619B775800041D3E7 /* RLArtistDropdownManager.m */ = {isa = PBXFileReference; fileEncoding = 4; lastKnownFileType = sourcecode.c.objc; path = RLArtistDropdownManager.m; sourceTree = "<group>"; };
		7C27470819B77FFE0041D3E7 /* RLYearTableDataSource.h */ = {isa = PBXFileReference; fileEncoding = 4; lastKnownFileType = sourcecode.c.h; path = RLYearTableDataSource.h; sourceTree = "<group>"; };
		7C27470919B77FFE0041D3E7 /* RLYearTableDataSource.m */ = {isa = PBXFileReference; fileEncoding = 4; lastKnownFileType = sourcecode.c.objc; path = RLYearTableDataSource.m; sourceTree = "<group>"; };
		7C27470B19B78E2E0041D3E7 /* RLShowTableDataSource.h */ = {isa = PBXFileReference; fileEncoding = 4; lastKnownFileType = sourcecode.c.h; path = RLShowTableDataSource.h; sourceTree = "<group>"; };
		7C27470C19B78E2E0041D3E7 /* RLShowTableDataSource.m */ = {isa = PBXFileReference; fileEncoding = 4; lastKnownFileType = sourcecode.c.objc; path = RLShowTableDataSource.m; sourceTree = "<group>"; };
		7C27470E19B795670041D3E7 /* IGDurationHelper.h */ = {isa = PBXFileReference; fileEncoding = 4; lastKnownFileType = sourcecode.c.h; path = IGDurationHelper.h; sourceTree = "<group>"; };
		7C27470F19B795670041D3E7 /* IGDurationHelper.m */ = {isa = PBXFileReference; fileEncoding = 4; lastKnownFileType = sourcecode.c.objc; path = IGDurationHelper.m; sourceTree = "<group>"; };
		7C27471119B7B18B0041D3E7 /* RLPlaybackManager.h */ = {isa = PBXFileReference; fileEncoding = 4; lastKnownFileType = sourcecode.c.h; path = RLPlaybackManager.h; sourceTree = "<group>"; };
		7C27471219B7B18B0041D3E7 /* RLPlaybackManager.m */ = {isa = PBXFileReference; fileEncoding = 4; lastKnownFileType = sourcecode.c.objc; path = RLPlaybackManager.m; sourceTree = "<group>"; };
		7C27471419B7BAE30041D3E7 /* AGMediaItem.h */ = {isa = PBXFileReference; fileEncoding = 4; lastKnownFileType = sourcecode.c.h; path = AGMediaItem.h; sourceTree = "<group>"; };
		7C27471519B7BAE30041D3E7 /* AGMediaItem.m */ = {isa = PBXFileReference; fileEncoding = 4; lastKnownFileType = sourcecode.c.objc; path = AGMediaItem.m; sourceTree = "<group>"; };
		7C27471719B7BB050041D3E7 /* MediaToolbox.framework */ = {isa = PBXFileReference; lastKnownFileType = wrapper.framework; name = MediaToolbox.framework; path = System/Library/Frameworks/MediaToolbox.framework; sourceTree = SDKROOT; };
		7C27471919B7C0D50041D3E7 /* IGMediaItem.h */ = {isa = PBXFileReference; fileEncoding = 4; lastKnownFileType = sourcecode.c.h; path = IGMediaItem.h; sourceTree = "<group>"; };
		7C27471A19B7C0D50041D3E7 /* IGMediaItem.m */ = {isa = PBXFileReference; fileEncoding = 4; lastKnownFileType = sourcecode.c.objc; path = IGMediaItem.m; sourceTree = "<group>"; };
		7C4C2FFC19B6E09B00EEAE6A /* Relisten.app */ = {isa = PBXFileReference; explicitFileType = wrapper.application; includeInIndex = 0; path = Relisten.app; sourceTree = BUILT_PRODUCTS_DIR; };
		7C4C2FFF19B6E09B00EEAE6A /* Cocoa.framework */ = {isa = PBXFileReference; lastKnownFileType = wrapper.framework; name = Cocoa.framework; path = System/Library/Frameworks/Cocoa.framework; sourceTree = SDKROOT; };
		7C4C300219B6E09B00EEAE6A /* AppKit.framework */ = {isa = PBXFileReference; lastKnownFileType = wrapper.framework; name = AppKit.framework; path = System/Library/Frameworks/AppKit.framework; sourceTree = SDKROOT; };
		7C4C300319B6E09B00EEAE6A /* CoreData.framework */ = {isa = PBXFileReference; lastKnownFileType = wrapper.framework; name = CoreData.framework; path = System/Library/Frameworks/CoreData.framework; sourceTree = SDKROOT; };
		7C4C300419B6E09B00EEAE6A /* Foundation.framework */ = {isa = PBXFileReference; lastKnownFileType = wrapper.framework; name = Foundation.framework; path = System/Library/Frameworks/Foundation.framework; sourceTree = SDKROOT; };
		7C4C300719B6E09B00EEAE6A /* Relisten-Info.plist */ = {isa = PBXFileReference; lastKnownFileType = text.plist.xml; path = "Relisten-Info.plist"; sourceTree = "<group>"; };
		7C4C300919B6E09B00EEAE6A /* en */ = {isa = PBXFileReference; lastKnownFileType = text.plist.strings; name = en; path = en.lproj/InfoPlist.strings; sourceTree = "<group>"; };
		7C4C300B19B6E09B00EEAE6A /* main.m */ = {isa = PBXFileReference; lastKnownFileType = sourcecode.c.objc; path = main.m; sourceTree = "<group>"; };
		7C4C300D19B6E09B00EEAE6A /* Relisten-Prefix.pch */ = {isa = PBXFileReference; lastKnownFileType = sourcecode.c.h; path = "Relisten-Prefix.pch"; sourceTree = "<group>"; };
		7C4C300F19B6E09B00EEAE6A /* en */ = {isa = PBXFileReference; lastKnownFileType = text.rtf; name = en; path = en.lproj/Credits.rtf; sourceTree = "<group>"; };
		7C4C301119B6E09B00EEAE6A /* RLAppDelegate.h */ = {isa = PBXFileReference; lastKnownFileType = sourcecode.c.h; path = RLAppDelegate.h; sourceTree = "<group>"; };
		7C4C301219B6E09B00EEAE6A /* RLAppDelegate.m */ = {isa = PBXFileReference; lastKnownFileType = sourcecode.c.objc; path = RLAppDelegate.m; sourceTree = "<group>"; };
		7C4C301519B6E09B00EEAE6A /* Base */ = {isa = PBXFileReference; lastKnownFileType = file.xib; name = Base; path = Base.lproj/MainMenu.xib; sourceTree = "<group>"; };
		7C4C301719B6E09B00EEAE6A /* Images.xcassets */ = {isa = PBXFileReference; lastKnownFileType = folder.assetcatalog; path = Images.xcassets; sourceTree = "<group>"; };
		7C4C301D19B6E09B00EEAE6A /* RelistenTests.xctest */ = {isa = PBXFileReference; explicitFileType = wrapper.cfbundle; includeInIndex = 0; path = RelistenTests.xctest; sourceTree = BUILT_PRODUCTS_DIR; };
		7C4C301E19B6E09B00EEAE6A /* XCTest.framework */ = {isa = PBXFileReference; lastKnownFileType = wrapper.framework; name = XCTest.framework; path = Library/Frameworks/XCTest.framework; sourceTree = DEVELOPER_DIR; };
		7C4C302519B6E09B00EEAE6A /* RelistenTests-Info.plist */ = {isa = PBXFileReference; lastKnownFileType = text.plist.xml; path = "RelistenTests-Info.plist"; sourceTree = "<group>"; };
		7C4C302719B6E09B00EEAE6A /* en */ = {isa = PBXFileReference; lastKnownFileType = text.plist.strings; name = en; path = en.lproj/InfoPlist.strings; sourceTree = "<group>"; };
		7C4C302919B6E09B00EEAE6A /* RelistenTests.m */ = {isa = PBXFileReference; lastKnownFileType = sourcecode.c.objc; path = RelistenTests.m; sourceTree = "<group>"; };
		7C4C303519B74C5700EEAE6A /* IGShow.h */ = {isa = PBXFileReference; fileEncoding = 4; lastKnownFileType = sourcecode.c.h; path = IGShow.h; sourceTree = "<group>"; };
		7C4C303619B74C5700EEAE6A /* IGShow.m */ = {isa = PBXFileReference; fileEncoding = 4; lastKnownFileType = sourcecode.c.objc; path = IGShow.m; sourceTree = "<group>"; };
		7C4C303719B74C5700EEAE6A /* IGShowReview.h */ = {isa = PBXFileReference; fileEncoding = 4; lastKnownFileType = sourcecode.c.h; path = IGShowReview.h; sourceTree = "<group>"; };
		7C4C303819B74C5700EEAE6A /* IGShowReview.m */ = {isa = PBXFileReference; fileEncoding = 4; lastKnownFileType = sourcecode.c.objc; path = IGShowReview.m; sourceTree = "<group>"; };
		7C4C303919B74C5700EEAE6A /* IGTrack.h */ = {isa = PBXFileReference; fileEncoding = 4; lastKnownFileType = sourcecode.c.h; path = IGTrack.h; sourceTree = "<group>"; };
		7C4C303A19B74C5700EEAE6A /* IGTrack.m */ = {isa = PBXFileReference; fileEncoding = 4; lastKnownFileType = sourcecode.c.objc; path = IGTrack.m; sourceTree = "<group>"; };
		7C4C303B19B74C5700EEAE6A /* IGVenue.h */ = {isa = PBXFileReference; fileEncoding = 4; lastKnownFileType = sourcecode.c.h; path = IGVenue.h; sourceTree = "<group>"; };
		7C4C303C19B74C5700EEAE6A /* IGVenue.m */ = {isa = PBXFileReference; fileEncoding = 4; lastKnownFileType = sourcecode.c.objc; path = IGVenue.m; sourceTree = "<group>"; };
		7C4C303D19B74C5700EEAE6A /* IGYear.h */ = {isa = PBXFileReference; fileEncoding = 4; lastKnownFileType = sourcecode.c.h; path = IGYear.h; sourceTree = "<group>"; };
		7C4C303E19B74C5700EEAE6A /* IGYear.m */ = {isa = PBXFileReference; fileEncoding = 4; lastKnownFileType = sourcecode.c.objc; path = IGYear.m; sourceTree = "<group>"; };
		7C4C303F19B74C5700EEAE6A /* IGAPIClient.h */ = {isa = PBXFileReference; fileEncoding = 4; lastKnownFileType = sourcecode.c.h; path = IGAPIClient.h; sourceTree = "<group>"; };
		7C4C304019B74C5700EEAE6A /* IGAPIClient.m */ = {isa = PBXFileReference; fileEncoding = 4; lastKnownFileType = sourcecode.c.objc; path = IGAPIClient.m; sourceTree = "<group>"; };
		7C4C304119B74C5700EEAE6A /* IGThirdPartyKeys.h */ = {isa = PBXFileReference; fileEncoding = 4; lastKnownFileType = sourcecode.c.h; path = IGThirdPartyKeys.h; sourceTree = "<group>"; };
		7C4C304219B74C5700EEAE6A /* IGThirdPartyKeys.m */ = {isa = PBXFileReference; fileEncoding = 4; lastKnownFileType = sourcecode.c.objc; path = IGThirdPartyKeys.m; sourceTree = "<group>"; };
		7C4C304A19B74E4800EEAE6A /* IGIguanaAppConfig.h */ = {isa = PBXFileReference; fileEncoding = 4; lastKnownFileType = sourcecode.c.h; path = IGIguanaAppConfig.h; sourceTree = "<group>"; };
		7C4C304B19B74E4800EEAE6A /* IGIguanaAppConfig.m */ = {isa = PBXFileReference; fileEncoding = 4; lastKnownFileType = sourcecode.c.objc; path = IGIguanaAppConfig.m; sourceTree = "<group>"; };
		7C4C304D19B7521500EEAE6A /* IGArtist.h */ = {isa = PBXFileReference; fileEncoding = 4; lastKnownFileType = sourcecode.c.h; path = IGArtist.h; sourceTree = "<group>"; };
		7C4C304E19B7521500EEAE6A /* IGArtist.m */ = {isa = PBXFileReference; fileEncoding = 4; lastKnownFileType = sourcecode.c.objc; path = IGArtist.m; sourceTree = "<group>"; };
		7C4C305119B76F6B00EEAE6A /* AFNetworkActivityIndicatorManager.h */ = {isa = PBXFileReference; fileEncoding = 4; lastKnownFileType = sourcecode.c.h; path = AFNetworkActivityIndicatorManager.h; sourceTree = "<group>"; };
		7C4C305219B76F6B00EEAE6A /* AFNetworkActivityIndicatorManager.m */ = {isa = PBXFileReference; fileEncoding = 4; lastKnownFileType = sourcecode.c.objc; path = AFNetworkActivityIndicatorManager.m; sourceTree = "<group>"; };
		7C4C305519B7723A00EEAE6A /* RLYearsTableDataSource.h */ = {isa = PBXFileReference; fileEncoding = 4; lastKnownFileType = sourcecode.c.h; path = RLYearsTableDataSource.h; sourceTree = "<group>"; };
		7C4C305619B7723A00EEAE6A /* RLYearsTableDataSource.m */ = {isa = PBXFileReference; fileEncoding = 4; lastKnownFileType = sourcecode.c.objc; path = RLYearsTableDataSource.m; sourceTree = "<group>"; };
		7C52711319C08CC20042696A /* Relisten-Bridging-Header.h */ = {isa = PBXFileReference; lastKnownFileType = sourcecode.c.h; path = "Relisten-Bridging-Header.h"; sourceTree = "<group>"; };
		7C52711419C08CC20042696A /* RLAppDelegate.swift */ = {isa = PBXFileReference; fileEncoding = 4; lastKnownFileType = sourcecode.swift; path = RLAppDelegate.swift; sourceTree = "<group>"; };
		7CE67A4819F040360035E56D /* RLSourceDropdownManager.h */ = {isa = PBXFileReference; fileEncoding = 4; lastKnownFileType = sourcecode.c.h; path = RLSourceDropdownManager.h; sourceTree = "<group>"; };
		7CE67A4919F040360035E56D /* RLSourceDropdownManager.m */ = {isa = PBXFileReference; fileEncoding = 4; lastKnownFileType = sourcecode.c.objc; path = RLSourceDropdownManager.m; sourceTree = "<group>"; };
		BF474B49FB22A80A5D13D255 /* Pods-Relisten.release.xcconfig */ = {isa = PBXFileReference; includeInIndex = 1; lastKnownFileType = text.xcconfig; name = "Pods-Relisten.release.xcconfig"; path = "Pods/Target Support Files/Pods-Relisten/Pods-Relisten.release.xcconfig"; sourceTree = "<group>"; };
		DACD95DDE3101DC99758D3F1 /* Pods-Relisten.debug.xcconfig */ = {isa = PBXFileReference; includeInIndex = 1; lastKnownFileType = text.xcconfig; name = "Pods-Relisten.debug.xcconfig"; path = "Pods/Target Support Files/Pods-Relisten/Pods-Relisten.debug.xcconfig"; sourceTree = "<group>"; };
		ED27F22FA20F49DCBBCA8ACE /* libPods-Relisten.a */ = {isa = PBXFileReference; explicitFileType = archive.ar; includeInIndex = 0; path = "libPods-Relisten.a"; sourceTree = BUILT_PRODUCTS_DIR; };
/* End PBXFileReference section */

/* Begin PBXFrameworksBuildPhase section */
		7C4C2FF919B6E09B00EEAE6A /* Frameworks */ = {
			isa = PBXFrameworksBuildPhase;
			buildActionMask = 2147483647;
			files = (
				7C4C300019B6E09B00EEAE6A /* Cocoa.framework in Frameworks */,
				B9B39FA1CA5B432D85C5A354 /* libPods-Relisten.a in Frameworks */,
			);
			runOnlyForDeploymentPostprocessing = 0;
		};
		7C4C301A19B6E09B00EEAE6A /* Frameworks */ = {
			isa = PBXFrameworksBuildPhase;
			buildActionMask = 2147483647;
			files = (
				7C4C302019B6E09B00EEAE6A /* Cocoa.framework in Frameworks */,
				7C4C301F19B6E09B00EEAE6A /* XCTest.framework in Frameworks */,
			);
			runOnlyForDeploymentPostprocessing = 0;
		};
/* End PBXFrameworksBuildPhase section */

/* Begin PBXGroup section */
		7C27470419B775740041D3E7 /* Managers */ = {
			isa = PBXGroup;
			children = (
				7C27470519B775800041D3E7 /* RLArtistDropdownManager.h */,
				7C27470619B775800041D3E7 /* RLArtistDropdownManager.m */,
				7C27471119B7B18B0041D3E7 /* RLPlaybackManager.h */,
				7C27471219B7B18B0041D3E7 /* RLPlaybackManager.m */,
				7C27471419B7BAE30041D3E7 /* AGMediaItem.h */,
				7C27471519B7BAE30041D3E7 /* AGMediaItem.m */,
				7C27471919B7C0D50041D3E7 /* IGMediaItem.h */,
				7C27471A19B7C0D50041D3E7 /* IGMediaItem.m */,
				7CE67A4819F040360035E56D /* RLSourceDropdownManager.h */,
				7CE67A4919F040360035E56D /* RLSourceDropdownManager.m */,
			);
			path = Managers;
			sourceTree = "<group>";
		};
		7C4C2FF319B6E09B00EEAE6A = {
			isa = PBXGroup;
			children = (
				7C4C300519B6E09B00EEAE6A /* Relisten */,
				7C4C302319B6E09B00EEAE6A /* RelistenTests */,
				7C4C2FFE19B6E09B00EEAE6A /* Frameworks */,
				7C4C2FFD19B6E09B00EEAE6A /* Products */,
				9D6BC5B525AE9980E345B524 /* Pods */,
			);
			sourceTree = "<group>";
		};
		7C4C2FFD19B6E09B00EEAE6A /* Products */ = {
			isa = PBXGroup;
			children = (
				7C4C2FFC19B6E09B00EEAE6A /* Relisten.app */,
				7C4C301D19B6E09B00EEAE6A /* RelistenTests.xctest */,
			);
			name = Products;
			sourceTree = "<group>";
		};
		7C4C2FFE19B6E09B00EEAE6A /* Frameworks */ = {
			isa = PBXGroup;
			children = (
				7C27471719B7BB050041D3E7 /* MediaToolbox.framework */,
				7C4C2FFF19B6E09B00EEAE6A /* Cocoa.framework */,
				7C4C301E19B6E09B00EEAE6A /* XCTest.framework */,
				7C4C300119B6E09B00EEAE6A /* Other Frameworks */,
				ED27F22FA20F49DCBBCA8ACE /* libPods-Relisten.a */,
			);
			name = Frameworks;
			sourceTree = "<group>";
		};
		7C4C300119B6E09B00EEAE6A /* Other Frameworks */ = {
			isa = PBXGroup;
			children = (
				7C4C300219B6E09B00EEAE6A /* AppKit.framework */,
				7C4C300319B6E09B00EEAE6A /* CoreData.framework */,
				7C4C300419B6E09B00EEAE6A /* Foundation.framework */,
			);
			name = "Other Frameworks";
			sourceTree = "<group>";
		};
		7C4C300519B6E09B00EEAE6A /* Relisten */ = {
			isa = PBXGroup;
			children = (
				7C27470419B775740041D3E7 /* Managers */,
				7C4C305419B771D400EEAE6A /* Column Datasources */,
				7C4C305019B76F5D00EEAE6A /* Utilities */,
				7C4C303319B74B9400EEAE6A /* API */,
				7C4C301119B6E09B00EEAE6A /* RLAppDelegate.h */,
				7C4C301219B6E09B00EEAE6A /* RLAppDelegate.m */,
				7C52711419C08CC20042696A /* RLAppDelegate.swift */,
				7C52711319C08CC20042696A /* Relisten-Bridging-Header.h */,
				7C4C301419B6E09B00EEAE6A /* MainMenu.xib */,
				7C4C301719B6E09B00EEAE6A /* Images.xcassets */,
				7C4C300619B6E09B00EEAE6A /* Supporting Files */,
			);
			path = Relisten;
			sourceTree = "<group>";
		};
		7C4C300619B6E09B00EEAE6A /* Supporting Files */ = {
			isa = PBXGroup;
			children = (
				7C4C300719B6E09B00EEAE6A /* Relisten-Info.plist */,
				7C4C300819B6E09B00EEAE6A /* InfoPlist.strings */,
				7C4C300B19B6E09B00EEAE6A /* main.m */,
				7C4C300D19B6E09B00EEAE6A /* Relisten-Prefix.pch */,
				7C4C300E19B6E09B00EEAE6A /* Credits.rtf */,
			);
			path = "Supporting Files";
			sourceTree = "<group>";
		};
		7C4C302319B6E09B00EEAE6A /* RelistenTests */ = {
			isa = PBXGroup;
			children = (
				7C4C302919B6E09B00EEAE6A /* RelistenTests.m */,
				7C4C302419B6E09B00EEAE6A /* Supporting Files */,
			);
			path = RelistenTests;
			sourceTree = "<group>";
		};
		7C4C302419B6E09B00EEAE6A /* Supporting Files */ = {
			isa = PBXGroup;
			children = (
				7C4C302519B6E09B00EEAE6A /* RelistenTests-Info.plist */,
				7C4C302619B6E09B00EEAE6A /* InfoPlist.strings */,
			);
			path = "Supporting Files";
			sourceTree = "<group>";
		};
		7C4C303319B74B9400EEAE6A /* API */ = {
			isa = PBXGroup;
			children = (
				7C4C303419B74C5700EEAE6A /* Models */,
				7C4C303F19B74C5700EEAE6A /* IGAPIClient.h */,
				7C4C304019B74C5700EEAE6A /* IGAPIClient.m */,
				7C4C304119B74C5700EEAE6A /* IGThirdPartyKeys.h */,
				7C4C304219B74C5700EEAE6A /* IGThirdPartyKeys.m */,
				7C4C304A19B74E4800EEAE6A /* IGIguanaAppConfig.h */,
				7C4C304B19B74E4800EEAE6A /* IGIguanaAppConfig.m */,
			);
			path = API;
			sourceTree = "<group>";
		};
		7C4C303419B74C5700EEAE6A /* Models */ = {
			isa = PBXGroup;
			children = (
				7C4C303519B74C5700EEAE6A /* IGShow.h */,
				7C4C303619B74C5700EEAE6A /* IGShow.m */,
				7C4C303719B74C5700EEAE6A /* IGShowReview.h */,
				7C4C303819B74C5700EEAE6A /* IGShowReview.m */,
				7C4C303919B74C5700EEAE6A /* IGTrack.h */,
				7C4C303A19B74C5700EEAE6A /* IGTrack.m */,
				7C4C303B19B74C5700EEAE6A /* IGVenue.h */,
				7C4C303C19B74C5700EEAE6A /* IGVenue.m */,
				7C4C303D19B74C5700EEAE6A /* IGYear.h */,
				7C4C303E19B74C5700EEAE6A /* IGYear.m */,
				7C4C304D19B7521500EEAE6A /* IGArtist.h */,
				7C4C304E19B7521500EEAE6A /* IGArtist.m */,
			);
			path = Models;
			sourceTree = "<group>";
		};
		7C4C305019B76F5D00EEAE6A /* Utilities */ = {
			isa = PBXGroup;
			children = (
				7C27470E19B795670041D3E7 /* IGDurationHelper.h */,
				7C27470F19B795670041D3E7 /* IGDurationHelper.m */,
				7C4C305119B76F6B00EEAE6A /* AFNetworkActivityIndicatorManager.h */,
				7C4C305219B76F6B00EEAE6A /* AFNetworkActivityIndicatorManager.m */,
			);
			path = Utilities;
			sourceTree = "<group>";
		};
		7C4C305419B771D400EEAE6A /* Column Datasources */ = {
			isa = PBXGroup;
			children = (
				7C4C305519B7723A00EEAE6A /* RLYearsTableDataSource.h */,
				7C4C305619B7723A00EEAE6A /* RLYearsTableDataSource.m */,
				7C27470819B77FFE0041D3E7 /* RLYearTableDataSource.h */,
				7C27470919B77FFE0041D3E7 /* RLYearTableDataSource.m */,
				7C27470B19B78E2E0041D3E7 /* RLShowTableDataSource.h */,
				7C27470C19B78E2E0041D3E7 /* RLShowTableDataSource.m */,
			);
			path = "Column Datasources";
			sourceTree = "<group>";
		};
		9D6BC5B525AE9980E345B524 /* Pods */ = {
			isa = PBXGroup;
			children = (
				DACD95DDE3101DC99758D3F1 /* Pods-Relisten.debug.xcconfig */,
				BF474B49FB22A80A5D13D255 /* Pods-Relisten.release.xcconfig */,
			);
			name = Pods;
			sourceTree = "<group>";
		};
/* End PBXGroup section */

/* Begin PBXNativeTarget section */
		7C4C2FFB19B6E09B00EEAE6A /* Relisten */ = {
			isa = PBXNativeTarget;
			buildConfigurationList = 7C4C302D19B6E09B00EEAE6A /* Build configuration list for PBXNativeTarget "Relisten" */;
			buildPhases = (
				44AB6A6BB32B458A92317B1B /* Check Pods Manifest.lock */,
				7C4C2FF819B6E09B00EEAE6A /* Sources */,
				7C4C2FF919B6E09B00EEAE6A /* Frameworks */,
				7C4C2FFA19B6E09B00EEAE6A /* Resources */,
				81700BEFACCD46AA8DA4F4CB /* Copy Pods Resources */,
			);
			buildRules = (
			);
			dependencies = (
			);
			name = Relisten;
			productName = Relisten;
			productReference = 7C4C2FFC19B6E09B00EEAE6A /* Relisten.app */;
			productType = "com.apple.product-type.application";
		};
		7C4C301C19B6E09B00EEAE6A /* RelistenTests */ = {
			isa = PBXNativeTarget;
			buildConfigurationList = 7C4C303019B6E09B00EEAE6A /* Build configuration list for PBXNativeTarget "RelistenTests" */;
			buildPhases = (
				7C4C301919B6E09B00EEAE6A /* Sources */,
				7C4C301A19B6E09B00EEAE6A /* Frameworks */,
				7C4C301B19B6E09B00EEAE6A /* Resources */,
			);
			buildRules = (
			);
			dependencies = (
				7C4C302219B6E09B00EEAE6A /* PBXTargetDependency */,
			);
			name = RelistenTests;
			productName = RelistenTests;
			productReference = 7C4C301D19B6E09B00EEAE6A /* RelistenTests.xctest */;
			productType = "com.apple.product-type.bundle.unit-test";
		};
/* End PBXNativeTarget section */

/* Begin PBXProject section */
		7C4C2FF419B6E09B00EEAE6A /* Project object */ = {
			isa = PBXProject;
			attributes = {
				CLASSPREFIX = RL;
				LastUpgradeCheck = 0510;
				ORGANIZATIONNAME = "Relisten Team";
				TargetAttributes = {
					7C4C301C19B6E09B00EEAE6A = {
						TestTargetID = 7C4C2FFB19B6E09B00EEAE6A;
					};
				};
			};
			buildConfigurationList = 7C4C2FF719B6E09B00EEAE6A /* Build configuration list for PBXProject "Relisten" */;
			compatibilityVersion = "Xcode 3.2";
			developmentRegion = English;
			hasScannedForEncodings = 0;
			knownRegions = (
				en,
				Base,
			);
			mainGroup = 7C4C2FF319B6E09B00EEAE6A;
			productRefGroup = 7C4C2FFD19B6E09B00EEAE6A /* Products */;
			projectDirPath = "";
			projectRoot = "";
			targets = (
				7C4C2FFB19B6E09B00EEAE6A /* Relisten */,
				7C4C301C19B6E09B00EEAE6A /* RelistenTests */,
			);
		};
/* End PBXProject section */

/* Begin PBXResourcesBuildPhase section */
		7C4C2FFA19B6E09B00EEAE6A /* Resources */ = {
			isa = PBXResourcesBuildPhase;
			buildActionMask = 2147483647;
			files = (
				7C4C300A19B6E09B00EEAE6A /* InfoPlist.strings in Resources */,
				7C4C301819B6E09B00EEAE6A /* Images.xcassets in Resources */,
				7C4C301019B6E09B00EEAE6A /* Credits.rtf in Resources */,
				7C4C301619B6E09B00EEAE6A /* MainMenu.xib in Resources */,
			);
			runOnlyForDeploymentPostprocessing = 0;
		};
		7C4C301B19B6E09B00EEAE6A /* Resources */ = {
			isa = PBXResourcesBuildPhase;
			buildActionMask = 2147483647;
			files = (
				7C4C302819B6E09B00EEAE6A /* InfoPlist.strings in Resources */,
			);
			runOnlyForDeploymentPostprocessing = 0;
		};
/* End PBXResourcesBuildPhase section */

/* Begin PBXShellScriptBuildPhase section */
		44AB6A6BB32B458A92317B1B /* Check Pods Manifest.lock */ = {
			isa = PBXShellScriptBuildPhase;
			buildActionMask = 2147483647;
			files = (
			);
			inputPaths = (
			);
			name = "Check Pods Manifest.lock";
			outputPaths = (
			);
			runOnlyForDeploymentPostprocessing = 0;
			shellPath = /bin/sh;
			shellScript = "diff \"${PODS_ROOT}/../Podfile.lock\" \"${PODS_ROOT}/Manifest.lock\" > /dev/null\nif [[ $? != 0 ]] ; then\n    cat << EOM\nerror: The sandbox is not in sync with the Podfile.lock. Run 'pod install' or update your CocoaPods installation.\nEOM\n    exit 1\nfi\n";
			showEnvVarsInLog = 0;
		};
		81700BEFACCD46AA8DA4F4CB /* Copy Pods Resources */ = {
			isa = PBXShellScriptBuildPhase;
			buildActionMask = 2147483647;
			files = (
			);
			inputPaths = (
			);
			name = "Copy Pods Resources";
			outputPaths = (
			);
			runOnlyForDeploymentPostprocessing = 0;
			shellPath = /bin/sh;
			shellScript = "\"${SRCROOT}/Pods/Target Support Files/Pods-Relisten/Pods-Relisten-resources.sh\"\n";
			showEnvVarsInLog = 0;
		};
/* End PBXShellScriptBuildPhase section */

/* Begin PBXSourcesBuildPhase section */
		7C4C2FF819B6E09B00EEAE6A /* Sources */ = {
			isa = PBXSourcesBuildPhase;
			buildActionMask = 2147483647;
			files = (
				7C4C304C19B74E4800EEAE6A /* IGIguanaAppConfig.m in Sources */,
				7C27470719B775800041D3E7 /* RLArtistDropdownManager.m in Sources */,
				7C27471319B7B18B0041D3E7 /* RLPlaybackManager.m in Sources */,
				7C27470A19B77FFE0041D3E7 /* RLYearTableDataSource.m in Sources */,
				7C4C304F19B7521500EEAE6A /* IGArtist.m in Sources */,
				7C27470D19B78E2E0041D3E7 /* RLShowTableDataSource.m in Sources */,
				7C4C304419B74C5700EEAE6A /* IGShowReview.m in Sources */,
				7C4C305719B7723A00EEAE6A /* RLYearsTableDataSource.m in Sources */,
				7C4C304819B74C5700EEAE6A /* IGAPIClient.m in Sources */,
				7C27471019B795670041D3E7 /* IGDurationHelper.m in Sources */,
				7C4C304619B74C5700EEAE6A /* IGVenue.m in Sources */,
				7C4C304519B74C5700EEAE6A /* IGTrack.m in Sources */,
				7C4C305319B76F6B00EEAE6A /* AFNetworkActivityIndicatorManager.m in Sources */,
				7C4C304319B74C5700EEAE6A /* IGShow.m in Sources */,
				7C4C304919B74C5700EEAE6A /* IGThirdPartyKeys.m in Sources */,
				7C4C301319B6E09B00EEAE6A /* RLAppDelegate.m in Sources */,
				7C4C304719B74C5700EEAE6A /* IGYear.m in Sources */,
				7CE67A4A19F040360035E56D /* RLSourceDropdownManager.m in Sources */,
				7C4C300C19B6E09B00EEAE6A /* main.m in Sources */,
				7C27471619B7BAE30041D3E7 /* AGMediaItem.m in Sources */,
				7C27471B19B7C0D50041D3E7 /* IGMediaItem.m in Sources */,
			);
			runOnlyForDeploymentPostprocessing = 0;
		};
		7C4C301919B6E09B00EEAE6A /* Sources */ = {
			isa = PBXSourcesBuildPhase;
			buildActionMask = 2147483647;
			files = (
				7C4C302A19B6E09B00EEAE6A /* RelistenTests.m in Sources */,
			);
			runOnlyForDeploymentPostprocessing = 0;
		};
/* End PBXSourcesBuildPhase section */

/* Begin PBXTargetDependency section */
		7C4C302219B6E09B00EEAE6A /* PBXTargetDependency */ = {
			isa = PBXTargetDependency;
			target = 7C4C2FFB19B6E09B00EEAE6A /* Relisten */;
			targetProxy = 7C4C302119B6E09B00EEAE6A /* PBXContainerItemProxy */;
		};
/* End PBXTargetDependency section */

/* Begin PBXVariantGroup section */
		7C4C300819B6E09B00EEAE6A /* InfoPlist.strings */ = {
			isa = PBXVariantGroup;
			children = (
				7C4C300919B6E09B00EEAE6A /* en */,
			);
			name = InfoPlist.strings;
			sourceTree = "<group>";
		};
		7C4C300E19B6E09B00EEAE6A /* Credits.rtf */ = {
			isa = PBXVariantGroup;
			children = (
				7C4C300F19B6E09B00EEAE6A /* en */,
			);
			name = Credits.rtf;
			sourceTree = "<group>";
		};
		7C4C301419B6E09B00EEAE6A /* MainMenu.xib */ = {
			isa = PBXVariantGroup;
			children = (
				7C4C301519B6E09B00EEAE6A /* Base */,
			);
			name = MainMenu.xib;
			sourceTree = "<group>";
		};
		7C4C302619B6E09B00EEAE6A /* InfoPlist.strings */ = {
			isa = PBXVariantGroup;
			children = (
				7C4C302719B6E09B00EEAE6A /* en */,
			);
			name = InfoPlist.strings;
			sourceTree = "<group>";
		};
/* End PBXVariantGroup section */

/* Begin XCBuildConfiguration section */
		7C4C302B19B6E09B00EEAE6A /* Debug */ = {
			isa = XCBuildConfiguration;
			buildSettings = {
				ALWAYS_SEARCH_USER_PATHS = NO;
				CLANG_CXX_LANGUAGE_STANDARD = "gnu++0x";
				CLANG_CXX_LIBRARY = "libc++";
				CLANG_ENABLE_MODULES = YES;
				CLANG_ENABLE_OBJC_ARC = YES;
				CLANG_WARN_BOOL_CONVERSION = YES;
				CLANG_WARN_CONSTANT_CONVERSION = YES;
				CLANG_WARN_DIRECT_OBJC_ISA_USAGE = YES_ERROR;
				CLANG_WARN_EMPTY_BODY = YES;
				CLANG_WARN_ENUM_CONVERSION = YES;
				CLANG_WARN_INT_CONVERSION = YES;
				CLANG_WARN_OBJC_ROOT_CLASS = YES_ERROR;
				CLANG_WARN__DUPLICATE_METHOD_MATCH = YES;
				COPY_PHASE_STRIP = NO;
				GCC_C_LANGUAGE_STANDARD = gnu99;
				GCC_DYNAMIC_NO_PIC = NO;
				GCC_ENABLE_OBJC_EXCEPTIONS = YES;
				GCC_OPTIMIZATION_LEVEL = 0;
				GCC_PREPROCESSOR_DEFINITIONS = (
					"DEBUG=1",
					"$(inherited)",
				);
				GCC_SYMBOLS_PRIVATE_EXTERN = NO;
				GCC_WARN_64_TO_32_BIT_CONVERSION = YES;
				GCC_WARN_ABOUT_RETURN_TYPE = YES_ERROR;
				GCC_WARN_UNDECLARED_SELECTOR = YES;
				GCC_WARN_UNINITIALIZED_AUTOS = YES_AGGRESSIVE;
				GCC_WARN_UNUSED_FUNCTION = YES;
				GCC_WARN_UNUSED_VARIABLE = YES;
				MACOSX_DEPLOYMENT_TARGET = 10.9;
				ONLY_ACTIVE_ARCH = YES;
				SDKROOT = macosx;
			};
			name = Debug;
		};
		7C4C302C19B6E09B00EEAE6A /* Release */ = {
			isa = XCBuildConfiguration;
			buildSettings = {
				ALWAYS_SEARCH_USER_PATHS = NO;
				CLANG_CXX_LANGUAGE_STANDARD = "gnu++0x";
				CLANG_CXX_LIBRARY = "libc++";
				CLANG_ENABLE_MODULES = YES;
				CLANG_ENABLE_OBJC_ARC = YES;
				CLANG_WARN_BOOL_CONVERSION = YES;
				CLANG_WARN_CONSTANT_CONVERSION = YES;
				CLANG_WARN_DIRECT_OBJC_ISA_USAGE = YES_ERROR;
				CLANG_WARN_EMPTY_BODY = YES;
				CLANG_WARN_ENUM_CONVERSION = YES;
				CLANG_WARN_INT_CONVERSION = YES;
				CLANG_WARN_OBJC_ROOT_CLASS = YES_ERROR;
				CLANG_WARN__DUPLICATE_METHOD_MATCH = YES;
				COPY_PHASE_STRIP = YES;
				DEBUG_INFORMATION_FORMAT = "dwarf-with-dsym";
				ENABLE_NS_ASSERTIONS = NO;
				GCC_C_LANGUAGE_STANDARD = gnu99;
				GCC_ENABLE_OBJC_EXCEPTIONS = YES;
				GCC_WARN_64_TO_32_BIT_CONVERSION = YES;
				GCC_WARN_ABOUT_RETURN_TYPE = YES_ERROR;
				GCC_WARN_UNDECLARED_SELECTOR = YES;
				GCC_WARN_UNINITIALIZED_AUTOS = YES_AGGRESSIVE;
				GCC_WARN_UNUSED_FUNCTION = YES;
				GCC_WARN_UNUSED_VARIABLE = YES;
				MACOSX_DEPLOYMENT_TARGET = 10.9;
				SDKROOT = macosx;
			};
			name = Release;
		};
		7C4C302E19B6E09B00EEAE6A /* Debug */ = {
			isa = XCBuildConfiguration;
			baseConfigurationReference = DACD95DDE3101DC99758D3F1 /* Pods-Relisten.debug.xcconfig */;
			buildSettings = {
				ASSETCATALOG_COMPILER_APPICON_NAME = AppIcon;
				CLANG_ENABLE_MODULES = YES;
				COMBINE_HIDPI_IMAGES = YES;
				GCC_PRECOMPILE_PREFIX_HEADER = YES;
				GCC_PREFIX_HEADER = "Relisten/Supporting Files/Relisten-Prefix.pch";
				INFOPLIST_FILE = "Relisten/Supporting Files/Relisten-Info.plist";
				LD_RUNPATH_SEARCH_PATHS = "$(inherited) @executable_path/../Frameworks";
				PRODUCT_NAME = "$(TARGET_NAME)";
				SWIFT_OBJC_BRIDGING_HEADER = "Relisten/Relisten-Bridging-Header.h";
				SWIFT_OPTIMIZATION_LEVEL = "-Onone";
				WRAPPER_EXTENSION = app;
			};
			name = Debug;
		};
		7C4C302F19B6E09B00EEAE6A /* Release */ = {
			isa = XCBuildConfiguration;
			baseConfigurationReference = BF474B49FB22A80A5D13D255 /* Pods-Relisten.release.xcconfig */;
			buildSettings = {
				ASSETCATALOG_COMPILER_APPICON_NAME = AppIcon;
				CLANG_ENABLE_MODULES = YES;
				COMBINE_HIDPI_IMAGES = YES;
				GCC_PRECOMPILE_PREFIX_HEADER = YES;
				GCC_PREFIX_HEADER = "Relisten/Supporting Files/Relisten-Prefix.pch";
				INFOPLIST_FILE = "Relisten/Supporting Files/Relisten-Info.plist";
				LD_RUNPATH_SEARCH_PATHS = "$(inherited) @executable_path/../Frameworks";
				PRODUCT_NAME = "$(TARGET_NAME)";
				SWIFT_OBJC_BRIDGING_HEADER = "Relisten/Relisten-Bridging-Header.h";
				WRAPPER_EXTENSION = app;
			};
			name = Release;
		};
		7C4C303119B6E09B00EEAE6A /* Debug */ = {
			isa = XCBuildConfiguration;
			buildSettings = {
				BUNDLE_LOADER = "$(BUILT_PRODUCTS_DIR)/Relisten.app/Contents/MacOS/Relisten";
				COMBINE_HIDPI_IMAGES = YES;
				FRAMEWORK_SEARCH_PATHS = (
					"$(DEVELOPER_FRAMEWORKS_DIR)",
					"$(inherited)",
				);
				GCC_PRECOMPILE_PREFIX_HEADER = YES;
				GCC_PREFIX_HEADER = "Relisten/Supporting Files/Relisten-Prefix.pch";
				GCC_PREPROCESSOR_DEFINITIONS = (
					"DEBUG=1",
					"$(inherited)",
				);
				INFOPLIST_FILE = "RelistenTests/Supporting Files/RelistenTests-Info.plist";
				PRODUCT_NAME = "$(TARGET_NAME)";
				TEST_HOST = "$(BUNDLE_LOADER)";
				WRAPPER_EXTENSION = xctest;
			};
			name = Debug;
		};
		7C4C303219B6E09B00EEAE6A /* Release */ = {
			isa = XCBuildConfiguration;
			buildSettings = {
				BUNDLE_LOADER = "$(BUILT_PRODUCTS_DIR)/Relisten.app/Contents/MacOS/Relisten";
				COMBINE_HIDPI_IMAGES = YES;
				FRAMEWORK_SEARCH_PATHS = (
					"$(DEVELOPER_FRAMEWORKS_DIR)",
					"$(inherited)",
				);
				GCC_PRECOMPILE_PREFIX_HEADER = YES;
				GCC_PREFIX_HEADER = "Relisten/Supporting Files/Relisten-Prefix.pch";
				INFOPLIST_FILE = "RelistenTests/Supporting Files/RelistenTests-Info.plist";
				PRODUCT_NAME = "$(TARGET_NAME)";
				TEST_HOST = "$(BUNDLE_LOADER)";
				WRAPPER_EXTENSION = xctest;
			};
			name = Release;
		};
/* End XCBuildConfiguration section */

/* Begin XCConfigurationList section */
		7C4C2FF719B6E09B00EEAE6A /* Build configuration list for PBXProject "Relisten" */ = {
			isa = XCConfigurationList;
			buildConfigurations = (
				7C4C302B19B6E09B00EEAE6A /* Debug */,
				7C4C302C19B6E09B00EEAE6A /* Release */,
			);
			defaultConfigurationIsVisible = 0;
			defaultConfigurationName = Release;
		};
		7C4C302D19B6E09B00EEAE6A /* Build configuration list for PBXNativeTarget "Relisten" */ = {
			isa = XCConfigurationList;
			buildConfigurations = (
				7C4C302E19B6E09B00EEAE6A /* Debug */,
				7C4C302F19B6E09B00EEAE6A /* Release */,
			);
			defaultConfigurationIsVisible = 0;
			defaultConfigurationName = Release;
		};
		7C4C303019B6E09B00EEAE6A /* Build configuration list for PBXNativeTarget "RelistenTests" */ = {
			isa = XCConfigurationList;
			buildConfigurations = (
				7C4C303119B6E09B00EEAE6A /* Debug */,
				7C4C303219B6E09B00EEAE6A /* Release */,
			);
			defaultConfigurationIsVisible = 0;
			defaultConfigurationName = Release;
		};
/* End XCConfigurationList section */
	};
	rootObject = 7C4C2FF419B6E09B00EEAE6A /* Project object */;
}
